
Microsoft Visual Studio Solution File, Format Version 12.00
# Visual Studio Version 17
VisualStudioVersion = 17.8.34330.188
MinimumVisualStudioVersion = 10.0.40219.1
Project("{FAE04EC0-301F-11D3-BF4B-00C04F79EFBC}") = "RoomLabelMakerApp", "RoomLabelMakerApp.csproj", "{683A0748-8349-4B0F-8BB2-DB96337B3C85}"
EndProject
Global
	GlobalSection(SolutionConfigurationPlatforms) = preSolution
		Debug|Any CPU = Debug|Any CPU
		Release|Any CPU = Release|Any CPU
	EndGlobalSection
	GlobalSection(ProjectConfigurationPlatforms) = postSolution
		{683A0748-8349-4B0F-8BB2-DB96337B3C85}.Debug|Any CPU.ActiveCfg = Debug|Any CPU
		{683A0748-8349-4B0F-8BB2-DB96337B3C85}.Debug|Any CPU.Build.0 = Debug|Any CPU
		{683A0748-8349-4B0F-8BB2-DB96337B3C85}.Release|Any CPU.ActiveCfg = Release|Any CPU
		{683A0748-8349-4B0F-8BB2-DB96337B3C85}.Release|Any CPU.Build.0 = Release|Any CPU
	EndGlobalSection
	GlobalSection(SolutionProperties) = preSolution
		HideSolutionNode = FALSE
	EndGlobalSection
	GlobalSection(ExtensibilityGlobals) = postSolution
		SolutionGuid = {E70323E5-C188-448C-8C0C-EBB3663D07CB}
	EndGlobalSection
EndGlobal
